{
  "name": "workers_loading_styling_backend",
  "version": "1.0.0",
  "lockfileVersion": 3,
  "requires": true,
  "packages": {
    "": {
      "name": "workers_loading_styling_backend",
      "version": "1.0.0",
      "license": "ISC",
      "dependencies": {
        "crypto-js": "^4.1.1",
        "koa-slow": "^2.1.0",
        "lodash.isregexp": "^3.0.5",
        "q": "^1.4.1"
      },
      "devDependencies": {}
    },
    "node_modules/crypto-js": {
      "version": "4.1.1",
      "resolved": "https://registry.npmjs.org/crypto-js/-/crypto-js-4.1.1.tgz",
      "integrity": "sha512-o2JlM7ydqd3Qk9CA0L4NL6mTzU2sdx96a+oOfPu8Mkl/PK51vSyoi8/rQ8NknZtk44vq15lmhAj9CIAGwgeWKw=="
    },
    "node_modules/koa-slow": {
      "version": "2.1.0",
      "resolved": "https://registry.npmjs.org/koa-slow/-/koa-slow-2.1.0.tgz",
      "integrity": "sha512-ii6s1zuZ51p+SY7WIrwjRi1tmPrNpeHEaw5UYi4h1QzAPmIcNk16e9zwKd9+eNNzI9n+Q2LXHAvt1MCfs7j/8w==",
      "dependencies": {
        "lodash.isregexp": "3.0.5",
        "q": "1.4.1"
      },
      "engines": {
        "iojs": ">= 1.0.0",
        "node": ">= 0.12.0"
      }
    },
    "node_modules/lodash.isregexp": {
      "version": "3.0.5",
      "resolved": "https://registry.npmjs.org/lodash.isregexp/-/lodash.isregexp-3.0.5.tgz",
      "integrity": "sha512-VlV0abdYZs5asSYW1JW5W1f6gxf2SGQt90rzQp7UNTQ8KwcB3CprZe5crN1LIlCA/fB5R9xecrZijGSELJL8Yg=="
    },
    "node_modules/q": {
      "version": "1.4.1",
      "resolved": "https://registry.npmjs.org/q/-/q-1.4.1.tgz",
      "integrity": "sha512-/CdEdaw49VZVmyIDGUQKDDT53c7qBkO6g5CefWz91Ae+l4+cRtcDYwMTXh6me4O8TMldeGHG3N2Bl84V78Ywbg==",
      "engines": {
        "node": ">=0.6.0",
        "teleport": ">=0.2.0"
      }
    }
  }
}
